// !$*UTF8*$!
{
	archiveVersion = 1;
	classes = {
	};
	objectVersion = 46;
	objects = {

/* Begin PBXBuildFile section */
		535222501C77F8E100491F1D /* CentralTableViewCell.swift in Sources */ = {isa = PBXBuildFile; fileRef = 5352224F1C77F8E100491F1D /* CentralTableViewCell.swift */; };
		537FC63F1C5D162600E949B1 /* AppDelegate.swift in Sources */ = {isa = PBXBuildFile; fileRef = 537FC63E1C5D162600E949B1 /* AppDelegate.swift */; };
		537FC6411C5D162600E949B1 /* ViewController.swift in Sources */ = {isa = PBXBuildFile; fileRef = 537FC6401C5D162600E949B1 /* ViewController.swift */; };
		537FC6441C5D162600E949B1 /* Main.storyboard in Resources */ = {isa = PBXBuildFile; fileRef = 537FC6421C5D162600E949B1 /* Main.storyboard */; };
		537FC6461C5D162600E949B1 /* Assets.xcassets in Resources */ = {isa = PBXBuildFile; fileRef = 537FC6451C5D162600E949B1 /* Assets.xcassets */; };
		537FC6491C5D162600E949B1 /* LaunchScreen.storyboard in Resources */ = {isa = PBXBuildFile; fileRef = 537FC6471C5D162600E949B1 /* LaunchScreen.storyboard */; };
		537FC6541C5D162600E949B1 /* ACTableViewTests.swift in Sources */ = {isa = PBXBuildFile; fileRef = 537FC6531C5D162600E949B1 /* ACTableViewTests.swift */; };
		53D2F1021C5E511800F82347 /* DatePickerTableViewCell.swift in Sources */ = {isa = PBXBuildFile; fileRef = 53D2F1001C5E511800F82347 /* DatePickerTableViewCell.swift */; };
		53D2F1031C5E511800F82347 /* DatePickerTableViewCell.xib in Resources */ = {isa = PBXBuildFile; fileRef = 53D2F1011C5E511800F82347 /* DatePickerTableViewCell.xib */; };
		53D2F1061C5E517B00F82347 /* EasyTableView.swift in Sources */ = {isa = PBXBuildFile; fileRef = 53D2F1041C5E517B00F82347 /* EasyTableView.swift */; };
		53D2F1071C5E517B00F82347 /* EasyTableViewItem.swift in Sources */ = {isa = PBXBuildFile; fileRef = 53D2F1051C5E517B00F82347 /* EasyTableViewItem.swift */; };
		53D2F10D1C5E58B500F82347 /* EasyTableViewSection.swift in Sources */ = {isa = PBXBuildFile; fileRef = 53D2F10C1C5E58B500F82347 /* EasyTableViewSection.swift */; };
/* End PBXBuildFile section */

/* Begin PBXContainerItemProxy section */
		537FC6501C5D162600E949B1 /* PBXContainerItemProxy */ = {
			isa = PBXContainerItemProxy;
			containerPortal = 537FC6331C5D162600E949B1 /* Project object */;
			proxyType = 1;
			remoteGlobalIDString = 537FC63A1C5D162600E949B1;
			remoteInfo = ACTableView;
		};
/* End PBXContainerItemProxy section */

/* Begin PBXFileReference section */
		5352224F1C77F8E100491F1D /* CentralTableViewCell.swift */ = {isa = PBXFileReference; fileEncoding = 4; lastKnownFileType = sourcecode.swift; path = CentralTableViewCell.swift; sourceTree = "<group>"; };
		537FC63B1C5D162600E949B1 /* ACTableView.app */ = {isa = PBXFileReference; explicitFileType = wrapper.application; includeInIndex = 0; path = ACTableView.app; sourceTree = BUILT_PRODUCTS_DIR; };
		537FC63E1C5D162600E949B1 /* AppDelegate.swift */ = {isa = PBXFileReference; lastKnownFileType = sourcecode.swift; path = AppDelegate.swift; sourceTree = "<group>"; };
		537FC6401C5D162600E949B1 /* ViewController.swift */ = {isa = PBXFileReference; lastKnownFileType = sourcecode.swift; path = ViewController.swift; sourceTree = "<group>"; };
		537FC6431C5D162600E949B1 /* Base */ = {isa = PBXFileReference; lastKnownFileType = file.storyboard; name = Base; path = Base.lproj/Main.storyboard; sourceTree = "<group>"; };
		537FC6451C5D162600E949B1 /* Assets.xcassets */ = {isa = PBXFileReference; lastKnownFileType = folder.assetcatalog; path = Assets.xcassets; sourceTree = "<group>"; };
		537FC6481C5D162600E949B1 /* Base */ = {isa = PBXFileReference; lastKnownFileType = file.storyboard; name = Base; path = Base.lproj/LaunchScreen.storyboard; sourceTree = "<group>"; };
		537FC64A1C5D162600E949B1 /* Info.plist */ = {isa = PBXFileReference; lastKnownFileType = text.plist.xml; path = Info.plist; sourceTree = "<group>"; };
		537FC64F1C5D162600E949B1 /* ACTableViewTests.xctest */ = {isa = PBXFileReference; explicitFileType = wrapper.cfbundle; includeInIndex = 0; path = ACTableViewTests.xctest; sourceTree = BUILT_PRODUCTS_DIR; };
		537FC6531C5D162600E949B1 /* ACTableViewTests.swift */ = {isa = PBXFileReference; lastKnownFileType = sourcecode.swift; path = ACTableViewTests.swift; sourceTree = "<group>"; };
		537FC6551C5D162600E949B1 /* Info.plist */ = {isa = PBXFileReference; lastKnownFileType = text.plist.xml; path = Info.plist; sourceTree = "<group>"; };
		53D2F1001C5E511800F82347 /* DatePickerTableViewCell.swift */ = {isa = PBXFileReference; fileEncoding = 4; lastKnownFileType = sourcecode.swift; path = DatePickerTableViewCell.swift; sourceTree = "<group>"; };
		53D2F1011C5E511800F82347 /* DatePickerTableViewCell.xib */ = {isa = PBXFileReference; fileEncoding = 4; lastKnownFileType = file.xib; path = DatePickerTableViewCell.xib; sourceTree = "<group>"; };
		53D2F1041C5E517B00F82347 /* EasyTableView.swift */ = {isa = PBXFileReference; fileEncoding = 4; lastKnownFileType = sourcecode.swift; path = EasyTableView.swift; sourceTree = "<group>"; };
		53D2F1051C5E517B00F82347 /* EasyTableViewItem.swift */ = {isa = PBXFileReference; fileEncoding = 4; lastKnownFileType = sourcecode.swift; path = EasyTableViewItem.swift; sourceTree = "<group>"; };
		53D2F10C1C5E58B500F82347 /* EasyTableViewSection.swift */ = {isa = PBXFileReference; fileEncoding = 4; lastKnownFileType = sourcecode.swift; path = EasyTableViewSection.swift; sourceTree = "<group>"; };
/* End PBXFileReference section */

/* Begin PBXFrameworksBuildPhase section */
		537FC6381C5D162600E949B1 /* Frameworks */ = {
			isa = PBXFrameworksBuildPhase;
			buildActionMask = 2147483647;
			files = (
			);
			runOnlyForDeploymentPostprocessing = 0;
		};
		537FC64C1C5D162600E949B1 /* Frameworks */ = {
			isa = PBXFrameworksBuildPhase;
			buildActionMask = 2147483647;
			files = (
			);
			runOnlyForDeploymentPostprocessing = 0;
		};
/* End PBXFrameworksBuildPhase section */

/* Begin PBXGroup section */
		537FC6321C5D162600E949B1 = {
			isa = PBXGroup;
			children = (
				53D2F0F51C5E468500F82347 /* Sources */,
				537FC63D1C5D162600E949B1 /* ACTableView */,
				537FC6521C5D162600E949B1 /* ACTableViewTests */,
				537FC63C1C5D162600E949B1 /* Products */,
			);
			sourceTree = "<group>";
		};
		537FC63C1C5D162600E949B1 /* Products */ = {
			isa = PBXGroup;
			children = (
				537FC63B1C5D162600E949B1 /* ACTableView.app */,
				537FC64F1C5D162600E949B1 /* ACTableViewTests.xctest */,
			);
			name = Products;
			sourceTree = "<group>";
		};
		537FC63D1C5D162600E949B1 /* ACTableView */ = {
			isa = PBXGroup;
			children = (
				53D2F0FB1C5E4B4400F82347 /* Views */,
				537FC63E1C5D162600E949B1 /* AppDelegate.swift */,
				537FC6401C5D162600E949B1 /* ViewController.swift */,
				537FC6421C5D162600E949B1 /* Main.storyboard */,
				537FC6451C5D162600E949B1 /* Assets.xcassets */,
				537FC6471C5D162600E949B1 /* LaunchScreen.storyboard */,
				537FC64A1C5D162600E949B1 /* Info.plist */,
			);
			path = ACTableView;
			sourceTree = "<group>";
		};
		537FC6521C5D162600E949B1 /* ACTableViewTests */ = {
			isa = PBXGroup;
			children = (
				537FC6531C5D162600E949B1 /* ACTableViewTests.swift */,
				537FC6551C5D162600E949B1 /* Info.plist */,
			);
			path = ACTableViewTests;
			sourceTree = "<group>";
		};
		53D2F0F51C5E468500F82347 /* Sources */ = {
			isa = PBXGroup;
			children = (
				53D2F1041C5E517B00F82347 /* EasyTableView.swift */,
				53D2F10C1C5E58B500F82347 /* EasyTableViewSection.swift */,
				53D2F1051C5E517B00F82347 /* EasyTableViewItem.swift */,
			);
			path = Sources;
			sourceTree = "<group>";
		};
		53D2F0FB1C5E4B4400F82347 /* Views */ = {
			isa = PBXGroup;
			children = (
				53D2F1001C5E511800F82347 /* DatePickerTableViewCell.swift */,
				53D2F1011C5E511800F82347 /* DatePickerTableViewCell.xib */,
				5352224F1C77F8E100491F1D /* CentralTableViewCell.swift */,
			);
			name = Views;
			path = View;
			sourceTree = "<group>";
		};
/* End PBXGroup section */

/* Begin PBXNativeTarget section */
		537FC63A1C5D162600E949B1 /* ACTableView */ = {
			isa = PBXNativeTarget;
			buildConfigurationList = 537FC6581C5D162600E949B1 /* Build configuration list for PBXNativeTarget "ACTableView" */;
			buildPhases = (
				537FC6371C5D162600E949B1 /* Sources */,
				537FC6381C5D162600E949B1 /* Frameworks */,
				537FC6391C5D162600E949B1 /* Resources */,
			);
			buildRules = (
			);
			dependencies = (
			);
			name = ACTableView;
			productName = ACTableView;
			productReference = 537FC63B1C5D162600E949B1 /* ACTableView.app */;
			productType = "com.apple.product-type.application";
		};
		537FC64E1C5D162600E949B1 /* ACTableViewTests */ = {
			isa = PBXNativeTarget;
			buildConfigurationList = 537FC65B1C5D162600E949B1 /* Build configuration list for PBXNativeTarget "ACTableViewTests" */;
			buildPhases = (
				537FC64B1C5D162600E949B1 /* Sources */,
				537FC64C1C5D162600E949B1 /* Frameworks */,
				537FC64D1C5D162600E949B1 /* Resources */,
			);
			buildRules = (
			);
			dependencies = (
				537FC6511C5D162600E949B1 /* PBXTargetDependency */,
			);
			name = ACTableViewTests;
			productName = ACTableViewTests;
			productReference = 537FC64F1C5D162600E949B1 /* ACTableViewTests.xctest */;
			productType = "com.apple.product-type.bundle.unit-test";
		};
/* End PBXNativeTarget section */

/* Begin PBXProject section */
		537FC6331C5D162600E949B1 /* Project object */ = {
			isa = PBXProject;
			attributes = {
				LastSwiftUpdateCheck = 0720;
				LastUpgradeCheck = 0720;
				ORGANIZATIONNAME = AzureChen;
				TargetAttributes = {
					537FC63A1C5D162600E949B1 = {
						CreatedOnToolsVersion = 7.2;
						DevelopmentTeam = 8Q7M9GVALG;
					};
					537FC64E1C5D162600E949B1 = {
						CreatedOnToolsVersion = 7.2;
						TestTargetID = 537FC63A1C5D162600E949B1;
					};
				};
			};
			buildConfigurationList = 537FC6361C5D162600E949B1 /* Build configuration list for PBXProject "ACTableView" */;
			compatibilityVersion = "Xcode 3.2";
			developmentRegion = English;
			hasScannedForEncodings = 0;
			knownRegions = (
				en,
				Base,
			);
			mainGroup = 537FC6321C5D162600E949B1;
			productRefGroup = 537FC63C1C5D162600E949B1 /* Products */;
			projectDirPath = "";
			projectRoot = "";
			targets = (
				537FC63A1C5D162600E949B1 /* ACTableView */,
				537FC64E1C5D162600E949B1 /* ACTableViewTests */,
			);
		};
/* End PBXProject section */

/* Begin PBXResourcesBuildPhase section */
		537FC6391C5D162600E949B1 /* Resources */ = {
			isa = PBXResourcesBuildPhase;
			buildActionMask = 2147483647;
			files = (
				537FC6491C5D162600E949B1 /* LaunchScreen.storyboard in Resources */,
				537FC6461C5D162600E949B1 /* Assets.xcassets in Resources */,
				537FC6441C5D162600E949B1 /* Main.storyboard in Resources */,
				53D2F1031C5E511800F82347 /* DatePickerTableViewCell.xib in Resources */,
			);
			runOnlyForDeploymentPostprocessing = 0;
		};
		537FC64D1C5D162600E949B1 /* Resources */ = {
			isa = PBXResourcesBuildPhase;
			buildActionMask = 2147483647;
			files = (
			);
			runOnlyForDeploymentPostprocessing = 0;
		};
/* End PBXResourcesBuildPhase section */

/* Begin PBXSourcesBuildPhase section */
		537FC6371C5D162600E949B1 /* Sources */ = {
			isa = PBXSourcesBuildPhase;
			buildActionMask = 2147483647;
			files = (
				53D2F1071C5E517B00F82347 /* EasyTableViewItem.swift in Sources */,
				537FC6411C5D162600E949B1 /* ViewController.swift in Sources */,
				537FC63F1C5D162600E949B1 /* AppDelegate.swift in Sources */,
				53D2F1021C5E511800F82347 /* DatePickerTableViewCell.swift in Sources */,
				535222501C77F8E100491F1D /* CentralTableViewCell.swift in Sources */,
				53D2F1061C5E517B00F82347 /* EasyTableView.swift in Sources */,
				53D2F10D1C5E58B500F82347 /* EasyTableViewSection.swift in Sources */,
			);
			runOnlyForDeploymentPostprocessing = 0;
		};
		537FC64B1C5D162600E949B1 /* Sources */ = {
			isa = PBXSourcesBuildPhase;
			buildActionMask = 2147483647;
			files = (
				537FC6541C5D162600E949B1 /* ACTableViewTests.swift in Sources */,
			);
			runOnlyForDeploymentPostprocessing = 0;
		};
/* End PBXSourcesBuildPhase section */

/* Begin PBXTargetDependency section */
		537FC6511C5D162600E949B1 /* PBXTargetDependency */ = {
			isa = PBXTargetDependency;
			target = 537FC63A1C5D162600E949B1 /* ACTableView */;
			targetProxy = 537FC6501C5D162600E949B1 /* PBXContainerItemProxy */;
		};
/* End PBXTargetDependency section */

/* Begin PBXVariantGroup section */
		537FC6421C5D162600E949B1 /* Main.storyboard */ = {
			isa = PBXVariantGroup;
			children = (
				537FC6431C5D162600E949B1 /* Base */,
			);
			name = Main.storyboard;
			sourceTree = "<group>";
		};
		537FC6471C5D162600E949B1 /* LaunchScreen.storyboard */ = {
			isa = PBXVariantGroup;
			children = (
				537FC6481C5D162600E949B1 /* Base */,
			);
			name = LaunchScreen.storyboard;
			sourceTree = "<group>";
		};
/* End PBXVariantGroup section */

/* Begin XCBuildConfiguration section */
		537FC6561C5D162600E949B1 /* Debug */ = {
			isa = XCBuildConfiguration;
			buildSettings = {
				ALWAYS_SEARCH_USER_PATHS = NO;
				CLANG_CXX_LANGUAGE_STANDARD = "gnu++0x";
				CLANG_CXX_LIBRARY = "libc++";
				CLANG_ENABLE_MODULES = YES;
				CLANG_ENABLE_OBJC_ARC = YES;
				CLANG_WARN_BOOL_CONVERSION = YES;
				CLANG_WARN_CONSTANT_CONVERSION = YES;
				CLANG_WARN_DIRECT_OBJC_ISA_USAGE = YES_ERROR;
				CLANG_WARN_EMPTY_BODY = YES;
				CLANG_WARN_ENUM_CONVERSION = YES;
				CLANG_WARN_INT_CONVERSION = YES;
				CLANG_WARN_OBJC_ROOT_CLASS = YES_ERROR;
				CLANG_WARN_UNREACHABLE_CODE = YES;
				CLANG_WARN__DUPLICATE_METHOD_MATCH = YES;
				"CODE_SIGN_IDENTITY[sdk=iphoneos*]" = "iPhone Developer";
				COPY_PHASE_STRIP = NO;
				DEBUG_INFORMATION_FORMAT = dwarf;
				ENABLE_STRICT_OBJC_MSGSEND = YES;
				ENABLE_TESTABILITY = YES;
				GCC_C_LANGUAGE_STANDARD = gnu99;
				GCC_DYNAMIC_NO_PIC = NO;
				GCC_NO_COMMON_BLOCKS = YES;
				GCC_OPTIMIZATION_LEVEL = 0;
				GCC_PREPROCESSOR_DEFINITIONS = (
					"DEBUG=1",
					"$(inherited)",
				);
				GCC_WARN_64_TO_32_BIT_CONVERSION = YES;
				GCC_WARN_ABOUT_RETURN_TYPE = YES_ERROR;
				GCC_WARN_UNDECLARED_SELECTOR = YES;
				GCC_WARN_UNINITIALIZED_AUTOS = YES_AGGRESSIVE;
				GCC_WARN_UNUSED_FUNCTION = YES;
				GCC_WARN_UNUSED_VARIABLE = YES;
				IPHONEOS_DEPLOYMENT_TARGET = 9.2;
				MTL_ENABLE_DEBUG_INFO = YES;
				ONLY_ACTIVE_ARCH = YES;
				SDKROOT = iphoneos;
				SWIFT_OPTIMIZATION_LEVEL = "-Onone";
				TARGETED_DEVICE_FAMILY = "1,2";
			};
			name = Debug;
		};
		537FC6571C5D162600E949B1 /* Release */ = {
			isa = XCBuildConfiguration;
			buildSettings = {
				ALWAYS_SEARCH_USER_PATHS = NO;
				CLANG_CXX_LANGUAGE_STANDARD = "gnu++0x";
				CLANG_CXX_LIBRARY = "libc++";
				CLANG_ENABLE_MODULES = YES;
				CLANG_ENABLE_OBJC_ARC = YES;
				CLANG_WARN_BOOL_CONVERSION = YES;
				CLANG_WARN_CONSTANT_CONVERSION = YES;
				CLANG_WARN_DIRECT_OBJC_ISA_USAGE = YES_ERROR;
				CLANG_WARN_EMPTY_BODY = YES;
				CLANG_WARN_ENUM_CONVERSION = YES;
				CLANG_WARN_INT_CONVERSION = YES;
				CLANG_WARN_OBJC_ROOT_CLASS = YES_ERROR;
				CLANG_WARN_UNREACHABLE_CODE = YES;
				CLANG_WARN__DUPLICATE_METHOD_MATCH = YES;
				"CODE_SIGN_IDENTITY[sdk=iphoneos*]" = "iPhone Developer";
				COPY_PHASE_STRIP = NO;
				DEBUG_INFORMATION_FORMAT = "dwarf-with-dsym";
				ENABLE_NS_ASSERTIONS = NO;
				ENABLE_STRICT_OBJC_MSGSEND = YES;
				GCC_C_LANGUAGE_STANDARD = gnu99;
				GCC_NO_COMMON_BLOCKS = YES;
				GCC_WARN_64_TO_32_BIT_CONVERSION = YES;
				GCC_WARN_ABOUT_RETURN_TYPE = YES_ERROR;
				GCC_WARN_UNDECLARED_SELECTOR = YES;
				GCC_WARN_UNINITIALIZED_AUTOS = YES_AGGRESSIVE;
				GCC_WARN_UNUSED_FUNCTION = YES;
				GCC_WARN_UNUSED_VARIABLE = YES;
				IPHONEOS_DEPLOYMENT_TARGET = 9.2;
				MTL_ENABLE_DEBUG_INFO = NO;
				SDKROOT = iphoneos;
				TARGETED_DEVICE_FAMILY = "1,2";
				VALIDATE_PRODUCT = YES;
			};
			name = Release;
		};
		537FC6591C5D162600E949B1 /* Debug */ = {
			isa = XCBuildConfiguration;
			buildSettings = {
				ASSETCATALOG_COMPILER_APPICON_NAME = AppIcon;
				CODE_SIGN_IDENTITY = "iPhone Developer";
				"CODE_SIGN_IDENTITY[sdk=iphoneos*]" = "iPhone Developer";
				INFOPLIST_FILE = ACTableView/Info.plist;
				IPHONEOS_DEPLOYMENT_TARGET = 7.0;
				LD_RUNPATH_SEARCH_PATHS = "$(inherited) @executable_path/Frameworks";
				PRODUCT_BUNDLE_IDENTIFIER = com.azurechen.ACTableView;
				PRODUCT_NAME = "$(TARGET_NAME)";
				PROVISIONING_PROFILE = "";
			};
			name = Debug;
		};
		537FC65A1C5D162600E949B1 /* Release */ = {
			isa = XCBuildConfiguration;
			buildSettings = {
				ASSETCATALOG_COMPILER_APPICON_NAME = AppIcon;
				CODE_SIGN_IDENTITY = "iPhone Developer";
				"CODE_SIGN_IDENTITY[sdk=iphoneos*]" = "iPhone Developer";
				INFOPLIST_FILE = ACTableView/Info.plist;
				IPHONEOS_DEPLOYMENT_TARGET = 7.0;
				LD_RUNPATH_SEARCH_PATHS = "$(inherited) @executable_path/Frameworks";
				PRODUCT_BUNDLE_IDENTIFIER = com.azurechen.ACTableView;
				PRODUCT_NAME = "$(TARGET_NAME)";
				PROVISIONING_PROFILE = "";
			};
			name = Release;
		};
		537FC65C1C5D162600E949B1 /* Debug */ = {
			isa = XCBuildConfiguration;
			buildSettings = {
				BUNDLE_LOADER = "$(TEST_HOST)";
				INFOPLIST_FILE = ACTableViewTests/Info.plist;
				LD_RUNPATH_SEARCH_PATHS = "$(inherited) @executable_path/Frameworks @loader_path/Frameworks";
				PRODUCT_BUNDLE_IDENTIFIER = com.azurechen.ACTableViewTests;
				PRODUCT_NAME = "$(TARGET_NAME)";
				TEST_HOST = "$(BUILT_PRODUCTS_DIR)/ACTableView.app/ACTableView";
			};
			name = Debug;
		};
		537FC65D1C5D162600E949B1 /* Release */ = {
			isa = XCBuildConfiguration;
			buildSettings = {
				BUNDLE_LOADER = "$(TEST_HOST)";
				INFOPLIST_FILE = ACTableViewTests/Info.plist;
				LD_RUNPATH_SEARCH_PATHS = "$(inherited) @executable_path/Frameworks @loader_path/Frameworks";
				PRODUCT_BUNDLE_IDENTIFIER = com.azurechen.ACTableViewTests;
				PRODUCT_NAME = "$(TARGET_NAME)";
				TEST_HOST = "$(BUILT_PRODUCTS_DIR)/ACTableView.app/ACTableView";
			};
			name = Release;
		};
/* End XCBuildConfiguration section */

/* Begin XCConfigurationList section */
		537FC6361C5D162600E949B1 /* Build configuration list for PBXProject "ACTableView" */ = {
			isa = XCConfigurationList;
			buildConfigurations = (
				537FC6561C5D162600E949B1 /* Debug */,
				537FC6571C5D162600E949B1 /* Release */,
			);
			defaultConfigurationIsVisible = 0;
			defaultConfigurationName = Release;
		};
		537FC6581C5D162600E949B1 /* Build configuration list for PBXNativeTarget "ACTableView" */ = {
			isa = XCConfigurationList;
			buildConfigurations = (
				537FC6591C5D162600E949B1 /* Debug */,
				537FC65A1C5D162600E949B1 /* Release */,
			);
			defaultConfigurationIsVisible = 0;
			defaultConfigurationName = Release;
		};
		537FC65B1C5D162600E949B1 /* Build configuration list for PBXNativeTarget "ACTableViewTests" */ = {
			isa = XCConfigurationList;
			buildConfigurations = (
				537FC65C1C5D162600E949B1 /* Debug */,
				537FC65D1C5D162600E949B1 /* Release */,
			);
			defaultConfigurationIsVisible = 0;
			defaultConfigurationName = Release;
		};
/* End XCConfigurationList section */
	};
	rootObject = 537FC6331C5D162600E949B1 /* Project object */;
}
